// !$*UTF8*$!
{
	archiveVersion = 1;
	classes = {
	};
	objectVersion = 46;
	objects = {

/* Begin PBXBuildFile section */
		134E21501AE5B8C600806BEB /* main.m in Sources */ = {isa = PBXBuildFile; fileRef = 134E214F1AE5B8C600806BEB /* main.m */; };
		134E21531AE5B8C600806BEB /* AppDelegate.m in Sources */ = {isa = PBXBuildFile; fileRef = 134E21521AE5B8C600806BEB /* AppDelegate.m */; };
		134E21561AE5B8C600806BEB /* LoginViewController.m in Sources */ = {isa = PBXBuildFile; fileRef = 134E21551AE5B8C600806BEB /* LoginViewController.m */; };
		134E21591AE5B8C600806BEB /* Main.storyboard in Resources */ = {isa = PBXBuildFile; fileRef = 134E21571AE5B8C600806BEB /* Main.storyboard */; };
		134E215B1AE5B8C600806BEB /* Images.xcassets in Resources */ = {isa = PBXBuildFile; fileRef = 134E215A1AE5B8C600806BEB /* Images.xcassets */; };
		134E215E1AE5B8C600806BEB /* LaunchScreen.xib in Resources */ = {isa = PBXBuildFile; fileRef = 134E215C1AE5B8C600806BEB /* LaunchScreen.xib */; };
		134E216A1AE5B8C600806BEB /* CacheTests.m in Sources */ = {isa = PBXBuildFile; fileRef = 134E21691AE5B8C600806BEB /* CacheTests.m */; };
		1388FCBA1AE6E28900329AA5 /* HomeViewController.m in Sources */ = {isa = PBXBuildFile; fileRef = 1388FCB91AE6E28900329AA5 /* HomeViewController.m */; };
		13FE669A1AE71AF900F1518F /* User.m in Sources */ = {isa = PBXBuildFile; fileRef = 13FE66991AE71AF900F1518F /* User.m */; };
		140649F01AE82E6B0087D10E /* WantsViewController.m in Sources */ = {isa = PBXBuildFile; fileRef = 140649EF1AE82E6B0087D10E /* WantsViewController.m */; };
		140649F31AE8310C0087D10E /* WantsTableViewCell.m in Sources */ = {isa = PBXBuildFile; fileRef = 140649F21AE8310C0087D10E /* WantsTableViewCell.m */; };
		1461B0E41AEB6F4B00632D3B /* ProductSearchViewController.m in Sources */ = {isa = PBXBuildFile; fileRef = 1461B0E31AEB6F4B00632D3B /* ProductSearchViewController.m */; };
		1461B0E61AEB6FE300632D3B /* ProductSearchViewController.xib in Resources */ = {isa = PBXBuildFile; fileRef = 1461B0E51AEB6FE300632D3B /* ProductSearchViewController.xib */; };
		149DF8C61AEB834000EADB9D /* libsemantics3-objc.a in Frameworks */ = {isa = PBXBuildFile; fileRef = 149DF8C51AEB834000EADB9D /* libsemantics3-objc.a */; };
		1E66A3737958AA512B529507 /* libPods.a in Frameworks */ = {isa = PBXBuildFile; fileRef = F2DD7278D19C583E1D78F949 /* libPods.a */; };
/* End PBXBuildFile section */

/* Begin PBXContainerItemProxy section */
		134E21641AE5B8C600806BEB /* PBXContainerItemProxy */ = {
			isa = PBXContainerItemProxy;
			containerPortal = 134E21421AE5B8C600806BEB /* Project object */;
			proxyType = 1;
			remoteGlobalIDString = 134E21491AE5B8C600806BEB;
			remoteInfo = Cache;
		};
/* End PBXContainerItemProxy section */

/* Begin PBXFileReference section */
		134E214A1AE5B8C600806BEB /* Cache.app */ = {isa = PBXFileReference; explicitFileType = wrapper.application; includeInIndex = 0; path = Cache.app; sourceTree = BUILT_PRODUCTS_DIR; };
		134E214E1AE5B8C600806BEB /* Info.plist */ = {isa = PBXFileReference; lastKnownFileType = text.plist.xml; path = Info.plist; sourceTree = "<group>"; };
		134E214F1AE5B8C600806BEB /* main.m */ = {isa = PBXFileReference; lastKnownFileType = sourcecode.c.objc; path = main.m; sourceTree = "<group>"; };
		134E21511AE5B8C600806BEB /* AppDelegate.h */ = {isa = PBXFileReference; lastKnownFileType = sourcecode.c.h; path = AppDelegate.h; sourceTree = "<group>"; };
		134E21521AE5B8C600806BEB /* AppDelegate.m */ = {isa = PBXFileReference; lastKnownFileType = sourcecode.c.objc; path = AppDelegate.m; sourceTree = "<group>"; };
		134E21541AE5B8C600806BEB /* LoginViewController.h */ = {isa = PBXFileReference; lastKnownFileType = sourcecode.c.h; path = LoginViewController.h; sourceTree = "<group>"; };
		134E21551AE5B8C600806BEB /* LoginViewController.m */ = {isa = PBXFileReference; lastKnownFileType = sourcecode.c.objc; path = LoginViewController.m; sourceTree = "<group>"; };
		134E21581AE5B8C600806BEB /* Base */ = {isa = PBXFileReference; lastKnownFileType = file.storyboard; name = Base; path = Base.lproj/Main.storyboard; sourceTree = "<group>"; };
		134E215A1AE5B8C600806BEB /* Images.xcassets */ = {isa = PBXFileReference; lastKnownFileType = folder.assetcatalog; path = Images.xcassets; sourceTree = "<group>"; };
		134E215D1AE5B8C600806BEB /* Base */ = {isa = PBXFileReference; lastKnownFileType = file.xib; name = Base; path = Base.lproj/LaunchScreen.xib; sourceTree = "<group>"; };
		134E21631AE5B8C600806BEB /* CacheTests.xctest */ = {isa = PBXFileReference; explicitFileType = wrapper.cfbundle; includeInIndex = 0; path = CacheTests.xctest; sourceTree = BUILT_PRODUCTS_DIR; };
		134E21681AE5B8C600806BEB /* Info.plist */ = {isa = PBXFileReference; lastKnownFileType = text.plist.xml; path = Info.plist; sourceTree = "<group>"; };
		134E21691AE5B8C600806BEB /* CacheTests.m */ = {isa = PBXFileReference; lastKnownFileType = sourcecode.c.objc; path = CacheTests.m; sourceTree = "<group>"; };
		1388FCB81AE6E28900329AA5 /* HomeViewController.h */ = {isa = PBXFileReference; fileEncoding = 4; lastKnownFileType = sourcecode.c.h; path = HomeViewController.h; sourceTree = "<group>"; };
		1388FCB91AE6E28900329AA5 /* HomeViewController.m */ = {isa = PBXFileReference; fileEncoding = 4; lastKnownFileType = sourcecode.c.objc; path = HomeViewController.m; sourceTree = "<group>"; };
		13FE66981AE71AF900F1518F /* User.h */ = {isa = PBXFileReference; fileEncoding = 4; lastKnownFileType = sourcecode.c.h; path = User.h; sourceTree = "<group>"; };
		13FE66991AE71AF900F1518F /* User.m */ = {isa = PBXFileReference; fileEncoding = 4; lastKnownFileType = sourcecode.c.objc; path = User.m; sourceTree = "<group>"; };
		140649EE1AE82E6B0087D10E /* WantsViewController.h */ = {isa = PBXFileReference; fileEncoding = 4; lastKnownFileType = sourcecode.c.h; path = WantsViewController.h; sourceTree = "<group>"; };
		140649EF1AE82E6B0087D10E /* WantsViewController.m */ = {isa = PBXFileReference; fileEncoding = 4; lastKnownFileType = sourcecode.c.objc; path = WantsViewController.m; sourceTree = "<group>"; };
		140649F11AE8310C0087D10E /* WantsTableViewCell.h */ = {isa = PBXFileReference; fileEncoding = 4; lastKnownFileType = sourcecode.c.h; path = WantsTableViewCell.h; sourceTree = "<group>"; };
		140649F21AE8310C0087D10E /* WantsTableViewCell.m */ = {isa = PBXFileReference; fileEncoding = 4; lastKnownFileType = sourcecode.c.objc; path = WantsTableViewCell.m; sourceTree = "<group>"; };
		1461B0E21AEB6F4B00632D3B /* ProductSearchViewController.h */ = {isa = PBXFileReference; fileEncoding = 4; lastKnownFileType = sourcecode.c.h; path = ProductSearchViewController.h; sourceTree = "<group>"; };
		1461B0E31AEB6F4B00632D3B /* ProductSearchViewController.m */ = {isa = PBXFileReference; fileEncoding = 4; lastKnownFileType = sourcecode.c.objc; path = ProductSearchViewController.m; sourceTree = "<group>"; };
		1461B0E51AEB6FE300632D3B /* ProductSearchViewController.xib */ = {isa = PBXFileReference; fileEncoding = 4; lastKnownFileType = file.xib; path = ProductSearchViewController.xib; sourceTree = "<group>"; };
		149DF8C51AEB834000EADB9D /* libsemantics3-objc.a */ = {isa = PBXFileReference; lastKnownFileType = archive.ar; name = "libsemantics3-objc.a"; path = "../../../iOSDev/semantics3-objc/build/Debug-iphoneos/libsemantics3-objc.a"; sourceTree = "<group>"; };
		5A03397C85E524BA465B7024 /* Pods.debug.xcconfig */ = {isa = PBXFileReference; includeInIndex = 1; lastKnownFileType = text.xcconfig; name = Pods.debug.xcconfig; path = "Pods/Target Support Files/Pods/Pods.debug.xcconfig"; sourceTree = "<group>"; };
		E1E2B3B1102C063C46B590AC /* Pods.release.xcconfig */ = {isa = PBXFileReference; includeInIndex = 1; lastKnownFileType = text.xcconfig; name = Pods.release.xcconfig; path = "Pods/Target Support Files/Pods/Pods.release.xcconfig"; sourceTree = "<group>"; };
		F2DD7278D19C583E1D78F949 /* libPods.a */ = {isa = PBXFileReference; explicitFileType = archive.ar; includeInIndex = 0; path = libPods.a; sourceTree = BUILT_PRODUCTS_DIR; };
/* End PBXFileReference section */

/* Begin PBXFrameworksBuildPhase section */
		134E21471AE5B8C600806BEB /* Frameworks */ = {
			isa = PBXFrameworksBuildPhase;
			buildActionMask = 2147483647;
			files = (
				149DF8C61AEB834000EADB9D /* libsemantics3-objc.a in Frameworks */,
				1E66A3737958AA512B529507 /* libPods.a in Frameworks */,
			);
			runOnlyForDeploymentPostprocessing = 0;
		};
		134E21601AE5B8C600806BEB /* Frameworks */ = {
			isa = PBXFrameworksBuildPhase;
			buildActionMask = 2147483647;
			files = (
			);
			runOnlyForDeploymentPostprocessing = 0;
		};
/* End PBXFrameworksBuildPhase section */

/* Begin PBXGroup section */
		134E21411AE5B8C600806BEB = {
			isa = PBXGroup;
			children = (
				134E214C1AE5B8C600806BEB /* Cache */,
				134E21661AE5B8C600806BEB /* CacheTests */,
				134E214B1AE5B8C600806BEB /* Products */,
				7EC69580D0CCB08B64DEE139 /* Pods */,
				CD223A1589FE82D987796A16 /* Frameworks */,
			);
			sourceTree = "<group>";
		};
		134E214B1AE5B8C600806BEB /* Products */ = {
			isa = PBXGroup;
			children = (
				134E214A1AE5B8C600806BEB /* Cache.app */,
				134E21631AE5B8C600806BEB /* CacheTests.xctest */,
			);
			name = Products;
			sourceTree = "<group>";
		};
		134E214C1AE5B8C600806BEB /* Cache */ = {
			isa = PBXGroup;
			children = (
				134E21511AE5B8C600806BEB /* AppDelegate.h */,
				134E21521AE5B8C600806BEB /* AppDelegate.m */,
				134E21541AE5B8C600806BEB /* LoginViewController.h */,
				134E21551AE5B8C600806BEB /* LoginViewController.m */,
				1388FCB81AE6E28900329AA5 /* HomeViewController.h */,
				1388FCB91AE6E28900329AA5 /* HomeViewController.m */,
				140649EE1AE82E6B0087D10E /* WantsViewController.h */,
				140649EF1AE82E6B0087D10E /* WantsViewController.m */,
				140649F11AE8310C0087D10E /* WantsTableViewCell.h */,
				140649F21AE8310C0087D10E /* WantsTableViewCell.m */,
				1461B0E21AEB6F4B00632D3B /* ProductSearchViewController.h */,
				1461B0E31AEB6F4B00632D3B /* ProductSearchViewController.m */,
				1461B0E51AEB6FE300632D3B /* ProductSearchViewController.xib */,
				13FE66981AE71AF900F1518F /* User.h */,
				13FE66991AE71AF900F1518F /* User.m */,
				134E21571AE5B8C600806BEB /* Main.storyboard */,
				134E215A1AE5B8C600806BEB /* Images.xcassets */,
				134E215C1AE5B8C600806BEB /* LaunchScreen.xib */,
				134E214D1AE5B8C600806BEB /* Supporting Files */,
			);
			path = Cache;
			sourceTree = "<group>";
		};
		134E214D1AE5B8C600806BEB /* Supporting Files */ = {
			isa = PBXGroup;
			children = (
				134E214E1AE5B8C600806BEB /* Info.plist */,
				134E214F1AE5B8C600806BEB /* main.m */,
			);
			name = "Supporting Files";
			sourceTree = "<group>";
		};
		134E21661AE5B8C600806BEB /* CacheTests */ = {
			isa = PBXGroup;
			children = (
				134E21691AE5B8C600806BEB /* CacheTests.m */,
				134E21671AE5B8C600806BEB /* Supporting Files */,
			);
			path = CacheTests;
			sourceTree = "<group>";
		};
		134E21671AE5B8C600806BEB /* Supporting Files */ = {
			isa = PBXGroup;
			children = (
				134E21681AE5B8C600806BEB /* Info.plist */,
			);
			name = "Supporting Files";
			sourceTree = "<group>";
		};
		7EC69580D0CCB08B64DEE139 /* Pods */ = {
			isa = PBXGroup;
			children = (
				5A03397C85E524BA465B7024 /* Pods.debug.xcconfig */,
				E1E2B3B1102C063C46B590AC /* Pods.release.xcconfig */,
			);
			name = Pods;
			sourceTree = "<group>";
		};
		CD223A1589FE82D987796A16 /* Frameworks */ = {
			isa = PBXGroup;
			children = (
				149DF8C51AEB834000EADB9D /* libsemantics3-objc.a */,
				F2DD7278D19C583E1D78F949 /* libPods.a */,
			);
			name = Frameworks;
			sourceTree = "<group>";
		};
/* End PBXGroup section */

/* Begin PBXNativeTarget section */
		134E21491AE5B8C600806BEB /* Cache */ = {
			isa = PBXNativeTarget;
			buildConfigurationList = 134E216D1AE5B8C600806BEB /* Build configuration list for PBXNativeTarget "Cache" */;
			buildPhases = (
				45B5A30AC436CFF5F1F3B3E7 /* Check Pods Manifest.lock */,
				134E21461AE5B8C600806BEB /* Sources */,
				134E21471AE5B8C600806BEB /* Frameworks */,
				134E21481AE5B8C600806BEB /* Resources */,
				AC372BAC47D7C3CAD5F09C5F /* Copy Pods Resources */,
			);
			buildRules = (
			);
			dependencies = (
			);
			name = Cache;
			productName = Cache;
			productReference = 134E214A1AE5B8C600806BEB /* Cache.app */;
			productType = "com.apple.product-type.application";
		};
		134E21621AE5B8C600806BEB /* CacheTests */ = {
			isa = PBXNativeTarget;
			buildConfigurationList = 134E21701AE5B8C600806BEB /* Build configuration list for PBXNativeTarget "CacheTests" */;
			buildPhases = (
				134E215F1AE5B8C600806BEB /* Sources */,
				134E21601AE5B8C600806BEB /* Frameworks */,
				134E21611AE5B8C600806BEB /* Resources */,
			);
			buildRules = (
			);
			dependencies = (
				134E21651AE5B8C600806BEB /* PBXTargetDependency */,
			);
			name = CacheTests;
			productName = CacheTests;
			productReference = 134E21631AE5B8C600806BEB /* CacheTests.xctest */;
			productType = "com.apple.product-type.bundle.unit-test";
		};
/* End PBXNativeTarget section */

/* Begin PBXProject section */
		134E21421AE5B8C600806BEB /* Project object */ = {
			isa = PBXProject;
			attributes = {
				LastUpgradeCheck = 0630;
				ORGANIZATIONNAME = Cache;
				TargetAttributes = {
					134E21491AE5B8C600806BEB = {
						CreatedOnToolsVersion = 6.3;
					};
					134E21621AE5B8C600806BEB = {
						CreatedOnToolsVersion = 6.3;
						TestTargetID = 134E21491AE5B8C600806BEB;
					};
				};
			};
			buildConfigurationList = 134E21451AE5B8C600806BEB /* Build configuration list for PBXProject "Cache" */;
			compatibilityVersion = "Xcode 3.2";
			developmentRegion = English;
			hasScannedForEncodings = 0;
			knownRegions = (
				en,
				Base,
			);
			mainGroup = 134E21411AE5B8C600806BEB;
			productRefGroup = 134E214B1AE5B8C600806BEB /* Products */;
			projectDirPath = "";
			projectRoot = "";
			targets = (
				134E21491AE5B8C600806BEB /* Cache */,
				134E21621AE5B8C600806BEB /* CacheTests */,
			);
		};
/* End PBXProject section */

/* Begin PBXResourcesBuildPhase section */
		134E21481AE5B8C600806BEB /* Resources */ = {
			isa = PBXResourcesBuildPhase;
			buildActionMask = 2147483647;
			files = (
				134E21591AE5B8C600806BEB /* Main.storyboard in Resources */,
				134E215E1AE5B8C600806BEB /* LaunchScreen.xib in Resources */,
				1461B0E61AEB6FE300632D3B /* ProductSearchViewController.xib in Resources */,
				134E215B1AE5B8C600806BEB /* Images.xcassets in Resources */,
			);
			runOnlyForDeploymentPostprocessing = 0;
		};
		134E21611AE5B8C600806BEB /* Resources */ = {
			isa = PBXResourcesBuildPhase;
			buildActionMask = 2147483647;
			files = (
			);
			runOnlyForDeploymentPostprocessing = 0;
		};
/* End PBXResourcesBuildPhase section */

/* Begin PBXShellScriptBuildPhase section */
		45B5A30AC436CFF5F1F3B3E7 /* Check Pods Manifest.lock */ = {
			isa = PBXShellScriptBuildPhase;
			buildActionMask = 2147483647;
			files = (
			);
			inputPaths = (
			);
			name = "Check Pods Manifest.lock";
			outputPaths = (
			);
			runOnlyForDeploymentPostprocessing = 0;
			shellPath = /bin/sh;
			shellScript = "diff \"${PODS_ROOT}/../Podfile.lock\" \"${PODS_ROOT}/Manifest.lock\" > /dev/null\nif [[ $? != 0 ]] ; then\n    cat << EOM\nerror: The sandbox is not in sync with the Podfile.lock. Run 'pod install' or update your CocoaPods installation.\nEOM\n    exit 1\nfi\n";
			showEnvVarsInLog = 0;
		};
		AC372BAC47D7C3CAD5F09C5F /* Copy Pods Resources */ = {
			isa = PBXShellScriptBuildPhase;
			buildActionMask = 2147483647;
			files = (
			);
			inputPaths = (
			);
			name = "Copy Pods Resources";
			outputPaths = (
			);
			runOnlyForDeploymentPostprocessing = 0;
			shellPath = /bin/sh;
			shellScript = "\"${SRCROOT}/Pods/Target Support Files/Pods/Pods-resources.sh\"\n";
			showEnvVarsInLog = 0;
		};
/* End PBXShellScriptBuildPhase section */

/* Begin PBXSourcesBuildPhase section */
		134E21461AE5B8C600806BEB /* Sources */ = {
			isa = PBXSourcesBuildPhase;
			buildActionMask = 2147483647;
			files = (
				13FE669A1AE71AF900F1518F /* User.m in Sources */,
				134E21561AE5B8C600806BEB /* LoginViewController.m in Sources */,
				134E21531AE5B8C600806BEB /* AppDelegate.m in Sources */,
				134E21501AE5B8C600806BEB /* main.m in Sources */,
				140649F31AE8310C0087D10E /* WantsTableViewCell.m in Sources */,
				140649F01AE82E6B0087D10E /* WantsViewController.m in Sources */,
				1461B0E41AEB6F4B00632D3B /* ProductSearchViewController.m in Sources */,
				1388FCBA1AE6E28900329AA5 /* HomeViewController.m in Sources */,
			);
			runOnlyForDeploymentPostprocessing = 0;
		};
		134E215F1AE5B8C600806BEB /* Sources */ = {
			isa = PBXSourcesBuildPhase;
			buildActionMask = 2147483647;
			files = (
				134E216A1AE5B8C600806BEB /* CacheTests.m in Sources */,
			);
			runOnlyForDeploymentPostprocessing = 0;
		};
/* End PBXSourcesBuildPhase section */

/* Begin PBXTargetDependency section */
		134E21651AE5B8C600806BEB /* PBXTargetDependency */ = {
			isa = PBXTargetDependency;
			target = 134E21491AE5B8C600806BEB /* Cache */;
			targetProxy = 134E21641AE5B8C600806BEB /* PBXContainerItemProxy */;
		};
/* End PBXTargetDependency section */

/* Begin PBXVariantGroup section */
		134E21571AE5B8C600806BEB /* Main.storyboard */ = {
			isa = PBXVariantGroup;
			children = (
				134E21581AE5B8C600806BEB /* Base */,
			);
			name = Main.storyboard;
			sourceTree = "<group>";
		};
		134E215C1AE5B8C600806BEB /* LaunchScreen.xib */ = {
			isa = PBXVariantGroup;
			children = (
				134E215D1AE5B8C600806BEB /* Base */,
			);
			name = LaunchScreen.xib;
			sourceTree = "<group>";
		};
/* End PBXVariantGroup section */

/* Begin XCBuildConfiguration section */
		134E216B1AE5B8C600806BEB /* Debug */ = {
			isa = XCBuildConfiguration;
			buildSettings = {
				ALWAYS_SEARCH_USER_PATHS = NO;
				CLANG_CXX_LANGUAGE_STANDARD = "gnu++0x";
				CLANG_CXX_LIBRARY = "libc++";
				CLANG_ENABLE_MODULES = YES;
				CLANG_ENABLE_OBJC_ARC = YES;
				CLANG_WARN_BOOL_CONVERSION = YES;
				CLANG_WARN_CONSTANT_CONVERSION = YES;
				CLANG_WARN_DIRECT_OBJC_ISA_USAGE = YES_ERROR;
				CLANG_WARN_EMPTY_BODY = YES;
				CLANG_WARN_ENUM_CONVERSION = YES;
				CLANG_WARN_INT_CONVERSION = YES;
				CLANG_WARN_OBJC_ROOT_CLASS = YES_ERROR;
				CLANG_WARN_UNREACHABLE_CODE = YES;
				CLANG_WARN__DUPLICATE_METHOD_MATCH = YES;
				"CODE_SIGN_IDENTITY[sdk=iphoneos*]" = "iPhone Developer";
				COPY_PHASE_STRIP = NO;
				DEBUG_INFORMATION_FORMAT = "dwarf-with-dsym";
				ENABLE_STRICT_OBJC_MSGSEND = YES;
				GCC_C_LANGUAGE_STANDARD = gnu99;
				GCC_DYNAMIC_NO_PIC = NO;
				GCC_NO_COMMON_BLOCKS = YES;
				GCC_OPTIMIZATION_LEVEL = 0;
				GCC_PREPROCESSOR_DEFINITIONS = (
					"DEBUG=1",
					"$(inherited)",
				);
				GCC_SYMBOLS_PRIVATE_EXTERN = NO;
				GCC_WARN_64_TO_32_BIT_CONVERSION = YES;
				GCC_WARN_ABOUT_RETURN_TYPE = YES_ERROR;
				GCC_WARN_UNDECLARED_SELECTOR = YES;
				GCC_WARN_UNINITIALIZED_AUTOS = YES_AGGRESSIVE;
				GCC_WARN_UNUSED_FUNCTION = YES;
				GCC_WARN_UNUSED_VARIABLE = YES;
				IPHONEOS_DEPLOYMENT_TARGET = 8.3;
				MTL_ENABLE_DEBUG_INFO = YES;
				ONLY_ACTIVE_ARCH = YES;
				SDKROOT = iphoneos;
				TARGETED_DEVICE_FAMILY = "1,2";
			};
			name = Debug;
		};
		134E216C1AE5B8C600806BEB /* Release */ = {
			isa = XCBuildConfiguration;
			buildSettings = {
				ALWAYS_SEARCH_USER_PATHS = NO;
				CLANG_CXX_LANGUAGE_STANDARD = "gnu++0x";
				CLANG_CXX_LIBRARY = "libc++";
				CLANG_ENABLE_MODULES = YES;
				CLANG_ENABLE_OBJC_ARC = YES;
				CLANG_WARN_BOOL_CONVERSION = YES;
				CLANG_WARN_CONSTANT_CONVERSION = YES;
				CLANG_WARN_DIRECT_OBJC_ISA_USAGE = YES_ERROR;
				CLANG_WARN_EMPTY_BODY = YES;
				CLANG_WARN_ENUM_CONVERSION = YES;
				CLANG_WARN_INT_CONVERSION = YES;
				CLANG_WARN_OBJC_ROOT_CLASS = YES_ERROR;
				CLANG_WARN_UNREACHABLE_CODE = YES;
				CLANG_WARN__DUPLICATE_METHOD_MATCH = YES;
				"CODE_SIGN_IDENTITY[sdk=iphoneos*]" = "iPhone Developer";
				COPY_PHASE_STRIP = NO;
				DEBUG_INFORMATION_FORMAT = "dwarf-with-dsym";
				ENABLE_NS_ASSERTIONS = NO;
				ENABLE_STRICT_OBJC_MSGSEND = YES;
				GCC_C_LANGUAGE_STANDARD = gnu99;
				GCC_NO_COMMON_BLOCKS = YES;
				GCC_WARN_64_TO_32_BIT_CONVERSION = YES;
				GCC_WARN_ABOUT_RETURN_TYPE = YES_ERROR;
				GCC_WARN_UNDECLARED_SELECTOR = YES;
				GCC_WARN_UNINITIALIZED_AUTOS = YES_AGGRESSIVE;
				GCC_WARN_UNUSED_FUNCTION = YES;
				GCC_WARN_UNUSED_VARIABLE = YES;
				IPHONEOS_DEPLOYMENT_TARGET = 8.3;
				MTL_ENABLE_DEBUG_INFO = NO;
				SDKROOT = iphoneos;
				TARGETED_DEVICE_FAMILY = "1,2";
				VALIDATE_PRODUCT = YES;
			};
			name = Release;
		};
		134E216E1AE5B8C600806BEB /* Debug */ = {
			isa = XCBuildConfiguration;
			baseConfigurationReference = 5A03397C85E524BA465B7024 /* Pods.debug.xcconfig */;
			buildSettings = {
				ASSETCATALOG_COMPILER_APPICON_NAME = AppIcon;
				INFOPLIST_FILE = Cache/Info.plist;
				LD_RUNPATH_SEARCH_PATHS = "$(inherited) @executable_path/Frameworks";
				LIBRARY_SEARCH_PATHS = (
					"$(inherited)",
					"/Users/Sean/Documents/iOSDev/semantics3-objc/build/Debug-iphoneos",
				);
				PRODUCT_NAME = "$(TARGET_NAME)";
			};
			name = Debug;
		};
		134E216F1AE5B8C600806BEB /* Release */ = {
			isa = XCBuildConfiguration;
			baseConfigurationReference = E1E2B3B1102C063C46B590AC /* Pods.release.xcconfig */;
			buildSettings = {
				ASSETCATALOG_COMPILER_APPICON_NAME = AppIcon;
				INFOPLIST_FILE = Cache/Info.plist;
				LD_RUNPATH_SEARCH_PATHS = "$(inherited) @executable_path/Frameworks";
				LIBRARY_SEARCH_PATHS = (
					"$(inherited)",
					"/Users/Sean/Documents/iOSDev/semantics3-objc/build/Debug-iphoneos",
				);
				PRODUCT_NAME = "$(TARGET_NAME)";
			};
			name = Release;
		};
		134E21711AE5B8C600806BEB /* Debug */ = {
			isa = XCBuildConfiguration;
			buildSettings = {
				BUNDLE_LOADER = "$(TEST_HOST)";
				FRAMEWORK_SEARCH_PATHS = (
					"$(SDKROOT)/Developer/Library/Frameworks",
					"$(inherited)",
				);
				GCC_PREPROCESSOR_DEFINITIONS = (
					"DEBUG=1",
					"$(inherited)",
				);
				INFOPLIST_FILE = CacheTests/Info.plist;
				LD_RUNPATH_SEARCH_PATHS = "$(inherited) @executable_path/Frameworks @loader_path/Frameworks";
				PRODUCT_NAME = "$(TARGET_NAME)";
				TEST_HOST = "$(BUILT_PRODUCTS_DIR)/Cache.app/Cache";
			};
			name = Debug;
		};
		134E21721AE5B8C600806BEB /* Release */ = {
			isa = XCBuildConfiguration;
			buildSettings = {
				BUNDLE_LOADER = "$(TEST_HOST)";
				FRAMEWORK_SEARCH_PATHS = (
					"$(SDKROOT)/Developer/Library/Frameworks",
					"$(inherited)",
				);
				INFOPLIST_FILE = CacheTests/Info.plist;
				LD_RUNPATH_SEARCH_PATHS = "$(inherited) @executable_path/Frameworks @loader_path/Frameworks";
				PRODUCT_NAME = "$(TARGET_NAME)";
				TEST_HOST = "$(BUILT_PRODUCTS_DIR)/Cache.app/Cache";
			};
			name = Release;
		};
/* End XCBuildConfiguration section */

/* Begin XCConfigurationList section */
		134E21451AE5B8C600806BEB /* Build configuration list for PBXProject "Cache" */ = {
			isa = XCConfigurationList;
			buildConfigurations = (
				134E216B1AE5B8C600806BEB /* Debug */,
				134E216C1AE5B8C600806BEB /* Release */,
			);
			defaultConfigurationIsVisible = 0;
			defaultConfigurationName = Release;
		};
		134E216D1AE5B8C600806BEB /* Build configuration list for PBXNativeTarget "Cache" */ = {
			isa = XCConfigurationList;
			buildConfigurations = (
				134E216E1AE5B8C600806BEB /* Debug */,
				134E216F1AE5B8C600806BEB /* Release */,
			);
			defaultConfigurationIsVisible = 0;
			defaultConfigurationName = Release;
		};
		134E21701AE5B8C600806BEB /* Build configuration list for PBXNativeTarget "CacheTests" */ = {
			isa = XCConfigurationList;
			buildConfigurations = (
				134E21711AE5B8C600806BEB /* Debug */,
				134E21721AE5B8C600806BEB /* Release */,
			);
			defaultConfigurationIsVisible = 0;
			defaultConfigurationName = Release;
		};
/* End XCConfigurationList section */
	};
	rootObject = 134E21421AE5B8C600806BEB /* Project object */;
}
